
Microsoft Visual Studio Solution File, Format Version 12.00
# Visual Studio Version 17
VisualStudioVersion = 17.6.33723.286
MinimumVisualStudioVersion = 10.0.40219.1
Project("{8BC9CEB8-8B4A-11D0-8D11-00A0C91BC942}") = "Aula-002", "Aula-002.vcxproj", "{27D9D2DB-9337-4AB1-969D-2E7EF4D81F87}"
EndProject
Global
	GlobalSection(SolutionConfigurationPlatforms) = preSolution
		Debug|x64 = Debug|x64
		Debug|x86 = Debug|x86
		Release|x64 = Release|x64
		Release|x86 = Release|x86
	EndGlobalSection
	GlobalSection(ProjectConfigurationPlatforms) = postSolution
		{27D9D2DB-9337-4AB1-969D-2E7EF4D81F87}.Debug|x64.ActiveCfg = Debug|x64
		{27D9D2DB-9337-4AB1-969D-2E7EF4D81F87}.Debug|x64.Build.0 = Debug|x64
		{27D9D2DB-9337-4AB1-969D-2E7EF4D81F87}.Debug|x86.ActiveCfg = Debug|Win32
		{27D9D2DB-9337-4AB1-969D-2E7EF4D81F87}.Debug|x86.Build.0 = Debug|Win32
		{27D9D2DB-9337-4AB1-969D-2E7EF4D81F87}.Release|x64.ActiveCfg = Release|x64
		{27D9D2DB-9337-4AB1-969D-2E7EF4D81F87}.Release|x64.Build.0 = Release|x64
		{27D9D2DB-9337-4AB1-969D-2E7EF4D81F87}.Release|x86.ActiveCfg = Release|Win32
		{27D9D2DB-9337-4AB1-969D-2E7EF4D81F87}.Release|x86.Build.0 = Release|Win32
	EndGlobalSection
	GlobalSection(SolutionProperties) = preSolution
		HideSolutionNode = FALSE
	EndGlobalSection
	GlobalSection(ExtensibilityGlobals) = postSolution
		SolutionGuid = {410D3F53-BBEF-4841-8FEC-DE42EF5B601E}
	EndGlobalSection
EndGlobal
